{
  "name": "assets",
  "lockfileVersion": 3,
  "requires": true,
  "packages": {
    "": {
      "dependencies": {
        "@stripe/stripe-js": "^1.52.0"
      }
    },
    "node_modules/@stripe/stripe-js": {
      "version": "1.52.0",
      "resolved": "https://registry.npmjs.org/@stripe/stripe-js/-/stripe-js-1.52.0.tgz",
      "integrity": "sha512-Ja2VlaTf3kM5tN4Y0sC8T3ibZAnfGUU/QzMAlk/G+Adz2fF1ycTabtSkdSuVP4/adXox8NkPPV4Xndx/EP4fMg=="
    }
  }
}
